
Microsoft Visual Studio Solution File, Format Version 12.00
# Visual Studio 15
VisualStudioVersion = 15.0.26730.8
MinimumVisualStudioVersion = 10.0.40219.1
Project("{FAE04EC0-301F-11D3-BF4B-00C04F79EFBC}") = "TemperatureCpuClocker", "TemperatureCpuClocker\TemperatureCpuClocker.csproj", "{70E233C1-C43B-4149-8E91-85ED92B69BF1}"
EndProject
Project("{FAE04EC0-301F-11D3-BF4B-00C04F79EFBC}") = "CpuTempClockerLib", "CpuTempClockerLib\CpuTempClockerLib.csproj", "{C1270C2F-BD2F-4474-A932-9C128D10D34D}"
EndProject
Global
	GlobalSection(SolutionConfigurationPlatforms) = preSolution
		Debug|Any CPU = Debug|Any CPU
		Release|Any CPU = Release|Any CPU
	EndGlobalSection
	GlobalSection(ProjectConfigurationPlatforms) = postSolution
		{70E233C1-C43B-4149-8E91-85ED92B69BF1}.Debug|Any CPU.ActiveCfg = Debug|Any CPU
		{70E233C1-C43B-4149-8E91-85ED92B69BF1}.Debug|Any CPU.Build.0 = Debug|Any CPU
		{70E233C1-C43B-4149-8E91-85ED92B69BF1}.Release|Any CPU.ActiveCfg = Release|Any CPU
		{70E233C1-C43B-4149-8E91-85ED92B69BF1}.Release|Any CPU.Build.0 = Release|Any CPU
		{C1270C2F-BD2F-4474-A932-9C128D10D34D}.Debug|Any CPU.ActiveCfg = Debug|Any CPU
		{C1270C2F-BD2F-4474-A932-9C128D10D34D}.Debug|Any CPU.Build.0 = Debug|Any CPU
		{C1270C2F-BD2F-4474-A932-9C128D10D34D}.Release|Any CPU.ActiveCfg = Release|Any CPU
		{C1270C2F-BD2F-4474-A932-9C128D10D34D}.Release|Any CPU.Build.0 = Release|Any CPU
	EndGlobalSection
	GlobalSection(SolutionProperties) = preSolution
		HideSolutionNode = FALSE
	EndGlobalSection
	GlobalSection(ExtensibilityGlobals) = postSolution
		SolutionGuid = {67EB3B78-7D6A-40A4-934F-7F46603E06AA}
	EndGlobalSection
EndGlobal
